// !$*UTF8*$!
{
	archiveVersion = 1;
	classes = {
	};
	objectVersion = 46;
	objects = {

/* Begin PBXBuildFile section */
		1E0788651AB4F12A00B86B69 /* TransmissionMessage.pb.m in Sources */ = {isa = PBXBuildFile; fileRef = 1E0788641AB4F12A00B86B69 /* TransmissionMessage.pb.m */; };
		1E12284D1A5A398300A569D8 /* CCEDocumentModel.m in Sources */ = {isa = PBXBuildFile; fileRef = 1E12284C1A5A398300A569D8 /* CCEDocumentModel.m */; };
		1E3591101A5252E600FEE9E0 /* CCEMasterServer.m in Sources */ = {isa = PBXBuildFile; fileRef = 1E35910F1A5252E600FEE9E0 /* CCEMasterServer.m */; };
		1E3591121A5252F000FEE9E0 /* MultipeerConnectivity.framework in Frameworks */ = {isa = PBXBuildFile; fileRef = 1E3591111A5252F000FEE9E0 /* MultipeerConnectivity.framework */; };
		1E3591191A52540A00FEE9E0 /* CCETransmissionService.m in Sources */ = {isa = PBXBuildFile; fileRef = 1E3591181A52540A00FEE9E0 /* CCETransmissionService.m */; };
		1E35911F1A525D6D00FEE9E0 /* NSString+Random.m in Sources */ = {isa = PBXBuildFile; fileRef = 1E35911E1A525D6D00FEE9E0 /* NSString+Random.m */; };
		1E3591291A525FB200FEE9E0 /* CCEServerConfigModal.m in Sources */ = {isa = PBXBuildFile; fileRef = 1E3591271A525FB200FEE9E0 /* CCEServerConfigModal.m */; };
		1E35912A1A525FB200FEE9E0 /* CCEServerConfigModal.xib in Resources */ = {isa = PBXBuildFile; fileRef = 1E3591281A525FB200FEE9E0 /* CCEServerConfigModal.xib */; };
		1E35912F1A5325D500FEE9E0 /* WebViewJavascriptBridge.js.txt in Resources */ = {isa = PBXBuildFile; fileRef = 1E35912D1A5325D500FEE9E0 /* WebViewJavascriptBridge.js.txt */; };
		1E3591301A5325D500FEE9E0 /* WebViewJavascriptBridge.m in Sources */ = {isa = PBXBuildFile; fileRef = 1E35912E1A5325D500FEE9E0 /* WebViewJavascriptBridge.m */; };
		1E3591351A534BC600FEE9E0 /* CCEServerDetailModal.m in Sources */ = {isa = PBXBuildFile; fileRef = 1E3591331A534BC600FEE9E0 /* CCEServerDetailModal.m */; };
		1E3591361A534BC600FEE9E0 /* CCEServerDetailModal.xib in Resources */ = {isa = PBXBuildFile; fileRef = 1E3591341A534BC600FEE9E0 /* CCEServerDetailModal.xib */; };
		1E3591391A5394DB00FEE9E0 /* CCESlaveClient.m in Sources */ = {isa = PBXBuildFile; fileRef = 1E3591381A5394DB00FEE9E0 /* CCESlaveClient.m */; };
		1E3731251A575BD7009B0685 /* CCEJoinSessionModal.m in Sources */ = {isa = PBXBuildFile; fileRef = 1E3731231A575BD7009B0685 /* CCEJoinSessionModal.m */; };
		1E3731261A575BD7009B0685 /* CCEJoinSessionModal.xib in Resources */ = {isa = PBXBuildFile; fileRef = 1E3731241A575BD7009B0685 /* CCEJoinSessionModal.xib */; };
		1E37312D1A576344009B0685 /* CCEUserModel.m in Sources */ = {isa = PBXBuildFile; fileRef = 1E37312C1A576344009B0685 /* CCEUserModel.m */; };
		1EB845C71AB12E4A00B2ADE6 /* CCEUserListViewController.m in Sources */ = {isa = PBXBuildFile; fileRef = 1EB845C51AB12E4A00B2ADE6 /* CCEUserListViewController.m */; };
		1EB845C81AB12E4A00B2ADE6 /* CCEUserListViewController.xib in Resources */ = {isa = PBXBuildFile; fileRef = 1EB845C61AB12E4A00B2ADE6 /* CCEUserListViewController.xib */; };
		1EE580AF1A509DE9000F2F49 /* AppDelegate.m in Sources */ = {isa = PBXBuildFile; fileRef = 1EE580AE1A509DE9000F2F49 /* AppDelegate.m */; };
		1EE580B11A509DE9000F2F49 /* main.m in Sources */ = {isa = PBXBuildFile; fileRef = 1EE580B01A509DE9000F2F49 /* main.m */; };
		1EE580B31A509DE9000F2F49 /* Images.xcassets in Resources */ = {isa = PBXBuildFile; fileRef = 1EE580B21A509DE9000F2F49 /* Images.xcassets */; };
		1EE580B61A509DE9000F2F49 /* MainMenu.xib in Resources */ = {isa = PBXBuildFile; fileRef = 1EE580B41A509DE9000F2F49 /* MainMenu.xib */; };
		1EE580C21A509DE9000F2F49 /* Collaborative_EditorTests.m in Sources */ = {isa = PBXBuildFile; fileRef = 1EE580C11A509DE9000F2F49 /* Collaborative_EditorTests.m */; };
		1EE580CC1A509DF2000F2F49 /* CoreBluetooth.framework in Frameworks */ = {isa = PBXBuildFile; fileRef = 1EE580CB1A509DF2000F2F49 /* CoreBluetooth.framework */; };
		1EE580D11A509E14000F2F49 /* CCEEditorViewController.m in Sources */ = {isa = PBXBuildFile; fileRef = 1EE580CF1A509E14000F2F49 /* CCEEditorViewController.m */; };
		1EE580D21A509E14000F2F49 /* CCEEditorViewController.xib in Resources */ = {isa = PBXBuildFile; fileRef = 1EE580D01A509E14000F2F49 /* CCEEditorViewController.xib */; };
		1EE580D41A509FB5000F2F49 /* WebKit.framework in Frameworks */ = {isa = PBXBuildFile; fileRef = 1EE580D31A509FB5000F2F49 /* WebKit.framework */; };
		1EE580D61A50A106000F2F49 /* web in Resources */ = {isa = PBXBuildFile; fileRef = 1EE580D51A50A106000F2F49 /* web */; };
		1EE580DA1A50A38F000F2F49 /* CCEWebView.m in Sources */ = {isa = PBXBuildFile; fileRef = 1EE580D91A50A38F000F2F49 /* CCEWebView.m */; };
		1EE580F01A50A930000F2F49 /* CCEFooterBarViewController.m in Sources */ = {isa = PBXBuildFile; fileRef = 1EE580EE1A50A930000F2F49 /* CCEFooterBarViewController.m */; };
		1EE580F11A50A930000F2F49 /* CCEFooterBarViewController.xib in Resources */ = {isa = PBXBuildFile; fileRef = 1EE580EF1A50A930000F2F49 /* CCEFooterBarViewController.xib */; };
		1EE580FF1A518D73000F2F49 /* CCELaunchViewController.m in Sources */ = {isa = PBXBuildFile; fileRef = 1EE580FD1A518D73000F2F49 /* CCELaunchViewController.m */; };
		1EE581001A518D73000F2F49 /* CCELaunchViewController.xib in Resources */ = {isa = PBXBuildFile; fileRef = 1EE580FE1A518D73000F2F49 /* CCELaunchViewController.xib */; };
		1EE581041A51B034000F2F49 /* CCELaunchWindow.m in Sources */ = {isa = PBXBuildFile; fileRef = 1EE581031A51B034000F2F49 /* CCELaunchWindow.m */; };
		1EE5810A1A51D48F000F2F49 /* CCECloseButton.m in Sources */ = {isa = PBXBuildFile; fileRef = 1EE581091A51D48F000F2F49 /* CCECloseButton.m */; };
		67EC8A89E6662B116FA137A8 /* libPods-Collaborative Editor.a in Frameworks */ = {isa = PBXBuildFile; fileRef = B17222B351C4ED971DA7DB51 /* libPods-Collaborative Editor.a */; };
/* End PBXBuildFile section */

/* Begin PBXContainerItemProxy section */
		1EE580BC1A509DE9000F2F49 /* PBXContainerItemProxy */ = {
			isa = PBXContainerItemProxy;
			containerPortal = 1EE580A01A509DE9000F2F49 /* Project object */;
			proxyType = 1;
			remoteGlobalIDString = 1EE580A71A509DE9000F2F49;
			remoteInfo = "Collaborative Editor";
		};
/* End PBXContainerItemProxy section */

/* Begin PBXFileReference section */
		1E0788631AB4F12A00B86B69 /* TransmissionMessage.pb.h */ = {isa = PBXFileReference; fileEncoding = 4; lastKnownFileType = sourcecode.c.h; name = TransmissionMessage.pb.h; path = "Multipeer/Protocol Buffer Classes/TransmissionMessage.pb.h"; sourceTree = "<group>"; };
		1E0788641AB4F12A00B86B69 /* TransmissionMessage.pb.m */ = {isa = PBXFileReference; fileEncoding = 4; lastKnownFileType = sourcecode.c.objc; name = TransmissionMessage.pb.m; path = "Multipeer/Protocol Buffer Classes/TransmissionMessage.pb.m"; sourceTree = "<group>"; };
		1E12284B1A5A398300A569D8 /* CCEDocumentModel.h */ = {isa = PBXFileReference; fileEncoding = 4; lastKnownFileType = sourcecode.c.h; name = CCEDocumentModel.h; path = "Multipeer/Data Models/Document Model/CCEDocumentModel.h"; sourceTree = "<group>"; };
		1E12284C1A5A398300A569D8 /* CCEDocumentModel.m */ = {isa = PBXFileReference; fileEncoding = 4; lastKnownFileType = sourcecode.c.objc; name = CCEDocumentModel.m; path = "Multipeer/Data Models/Document Model/CCEDocumentModel.m"; sourceTree = "<group>"; };
		1E35910B1A5251D400FEE9E0 /* CCEServiceDefinitions.h */ = {isa = PBXFileReference; fileEncoding = 4; lastKnownFileType = sourcecode.c.h; name = CCEServiceDefinitions.h; path = Multipeer/CCEServiceDefinitions.h; sourceTree = "<group>"; };
		1E35910E1A5252E600FEE9E0 /* CCEMasterServer.h */ = {isa = PBXFileReference; fileEncoding = 4; lastKnownFileType = sourcecode.c.h; name = CCEMasterServer.h; path = Multipeer/CCEMasterServer.h; sourceTree = "<group>"; };
		1E35910F1A5252E600FEE9E0 /* CCEMasterServer.m */ = {isa = PBXFileReference; fileEncoding = 4; lastKnownFileType = sourcecode.c.objc; name = CCEMasterServer.m; path = Multipeer/CCEMasterServer.m; sourceTree = "<group>"; };
		1E3591111A5252F000FEE9E0 /* MultipeerConnectivity.framework */ = {isa = PBXFileReference; lastKnownFileType = wrapper.framework; name = MultipeerConnectivity.framework; path = System/Library/Frameworks/MultipeerConnectivity.framework; sourceTree = SDKROOT; };
		1E3591171A52540A00FEE9E0 /* CCETransmissionService.h */ = {isa = PBXFileReference; fileEncoding = 4; lastKnownFileType = sourcecode.c.h; name = CCETransmissionService.h; path = Multipeer/CCETransmissionService.h; sourceTree = "<group>"; };
		1E3591181A52540A00FEE9E0 /* CCETransmissionService.m */ = {isa = PBXFileReference; fileEncoding = 4; lastKnownFileType = sourcecode.c.objc; name = CCETransmissionService.m; path = Multipeer/CCETransmissionService.m; sourceTree = "<group>"; };
		1E35911D1A525D6D00FEE9E0 /* NSString+Random.h */ = {isa = PBXFileReference; fileEncoding = 4; lastKnownFileType = sourcecode.c.h; name = "NSString+Random.h"; path = "Utilities/NSString+Random.h"; sourceTree = "<group>"; };
		1E35911E1A525D6D00FEE9E0 /* NSString+Random.m */ = {isa = PBXFileReference; fileEncoding = 4; lastKnownFileType = sourcecode.c.objc; name = "NSString+Random.m"; path = "Utilities/NSString+Random.m"; sourceTree = "<group>"; };
		1E3591261A525FB200FEE9E0 /* CCEServerConfigModal.h */ = {isa = PBXFileReference; fileEncoding = 4; lastKnownFileType = sourcecode.c.h; name = CCEServerConfigModal.h; path = "Views/Modal Views/CCEServerConfigModal.h"; sourceTree = "<group>"; };
		1E3591271A525FB200FEE9E0 /* CCEServerConfigModal.m */ = {isa = PBXFileReference; fileEncoding = 4; lastKnownFileType = sourcecode.c.objc; name = CCEServerConfigModal.m; path = "Views/Modal Views/CCEServerConfigModal.m"; sourceTree = "<group>"; };
		1E3591281A525FB200FEE9E0 /* CCEServerConfigModal.xib */ = {isa = PBXFileReference; fileEncoding = 4; lastKnownFileType = file.xib; name = CCEServerConfigModal.xib; path = "Views/Modal Views/CCEServerConfigModal.xib"; sourceTree = "<group>"; };
		1E35912C1A5325D500FEE9E0 /* WebViewJavascriptBridge.h */ = {isa = PBXFileReference; fileEncoding = 4; lastKnownFileType = sourcecode.c.h; path = WebViewJavascriptBridge.h; sourceTree = "<group>"; };
		1E35912D1A5325D500FEE9E0 /* WebViewJavascriptBridge.js.txt */ = {isa = PBXFileReference; fileEncoding = 4; lastKnownFileType = text; path = WebViewJavascriptBridge.js.txt; sourceTree = "<group>"; };
		1E35912E1A5325D500FEE9E0 /* WebViewJavascriptBridge.m */ = {isa = PBXFileReference; fileEncoding = 4; lastKnownFileType = sourcecode.c.objc; path = WebViewJavascriptBridge.m; sourceTree = "<group>"; };
		1E3591321A534BC600FEE9E0 /* CCEServerDetailModal.h */ = {isa = PBXFileReference; fileEncoding = 4; lastKnownFileType = sourcecode.c.h; name = CCEServerDetailModal.h; path = "Views/Modal Views/CCEServerDetailModal.h"; sourceTree = "<group>"; };
		1E3591331A534BC600FEE9E0 /* CCEServerDetailModal.m */ = {isa = PBXFileReference; fileEncoding = 4; lastKnownFileType = sourcecode.c.objc; name = CCEServerDetailModal.m; path = "Views/Modal Views/CCEServerDetailModal.m"; sourceTree = "<group>"; };
		1E3591341A534BC600FEE9E0 /* CCEServerDetailModal.xib */ = {isa = PBXFileReference; fileEncoding = 4; lastKnownFileType = file.xib; name = CCEServerDetailModal.xib; path = "Views/Modal Views/CCEServerDetailModal.xib"; sourceTree = "<group>"; };
		1E3591371A5394DB00FEE9E0 /* CCESlaveClient.h */ = {isa = PBXFileReference; fileEncoding = 4; lastKnownFileType = sourcecode.c.h; name = CCESlaveClient.h; path = Multipeer/CCESlaveClient.h; sourceTree = "<group>"; };
		1E3591381A5394DB00FEE9E0 /* CCESlaveClient.m */ = {isa = PBXFileReference; fileEncoding = 4; lastKnownFileType = sourcecode.c.objc; name = CCESlaveClient.m; path = Multipeer/CCESlaveClient.m; sourceTree = "<group>"; };
		1E3731221A575BD7009B0685 /* CCEJoinSessionModal.h */ = {isa = PBXFileReference; fileEncoding = 4; lastKnownFileType = sourcecode.c.h; name = CCEJoinSessionModal.h; path = "Views/Modal Views/CCEJoinSessionModal.h"; sourceTree = "<group>"; };
		1E3731231A575BD7009B0685 /* CCEJoinSessionModal.m */ = {isa = PBXFileReference; fileEncoding = 4; lastKnownFileType = sourcecode.c.objc; name = CCEJoinSessionModal.m; path = "Views/Modal Views/CCEJoinSessionModal.m"; sourceTree = "<group>"; };
		1E3731241A575BD7009B0685 /* CCEJoinSessionModal.xib */ = {isa = PBXFileReference; fileEncoding = 4; lastKnownFileType = file.xib; name = CCEJoinSessionModal.xib; path = "Views/Modal Views/CCEJoinSessionModal.xib"; sourceTree = "<group>"; };
		1E37312B1A576344009B0685 /* CCEUserModel.h */ = {isa = PBXFileReference; fileEncoding = 4; lastKnownFileType = sourcecode.c.h; name = CCEUserModel.h; path = "Multipeer/Data Models/CCEUserModel.h"; sourceTree = "<group>"; };
		1E37312C1A576344009B0685 /* CCEUserModel.m */ = {isa = PBXFileReference; fileEncoding = 4; lastKnownFileType = sourcecode.c.objc; name = CCEUserModel.m; path = "Multipeer/Data Models/CCEUserModel.m"; sourceTree = "<group>"; };
		1EB845C41AB12E4A00B2ADE6 /* CCEUserListViewController.h */ = {isa = PBXFileReference; fileEncoding = 4; lastKnownFileType = sourcecode.c.h; name = CCEUserListViewController.h; path = Views/CCEUserListViewController.h; sourceTree = "<group>"; };
		1EB845C51AB12E4A00B2ADE6 /* CCEUserListViewController.m */ = {isa = PBXFileReference; fileEncoding = 4; lastKnownFileType = sourcecode.c.objc; name = CCEUserListViewController.m; path = Views/CCEUserListViewController.m; sourceTree = "<group>"; };
		1EB845C61AB12E4A00B2ADE6 /* CCEUserListViewController.xib */ = {isa = PBXFileReference; fileEncoding = 4; lastKnownFileType = file.xib; name = CCEUserListViewController.xib; path = Views/CCEUserListViewController.xib; sourceTree = "<group>"; };
		1EE580A81A509DE9000F2F49 /* Collaborative Editor.app */ = {isa = PBXFileReference; explicitFileType = wrapper.application; includeInIndex = 0; path = "Collaborative Editor.app"; sourceTree = BUILT_PRODUCTS_DIR; };
		1EE580AC1A509DE9000F2F49 /* Info.plist */ = {isa = PBXFileReference; lastKnownFileType = text.plist.xml; path = Info.plist; sourceTree = "<group>"; };
		1EE580AD1A509DE9000F2F49 /* AppDelegate.h */ = {isa = PBXFileReference; lastKnownFileType = sourcecode.c.h; path = AppDelegate.h; sourceTree = "<group>"; };
		1EE580AE1A509DE9000F2F49 /* AppDelegate.m */ = {isa = PBXFileReference; lastKnownFileType = sourcecode.c.objc; path = AppDelegate.m; sourceTree = "<group>"; };
		1EE580B01A509DE9000F2F49 /* main.m */ = {isa = PBXFileReference; lastKnownFileType = sourcecode.c.objc; path = main.m; sourceTree = "<group>"; };
		1EE580B21A509DE9000F2F49 /* Images.xcassets */ = {isa = PBXFileReference; lastKnownFileType = folder.assetcatalog; path = Images.xcassets; sourceTree = "<group>"; };
		1EE580B51A509DE9000F2F49 /* Base */ = {isa = PBXFileReference; lastKnownFileType = file.xib; name = Base; path = Base.lproj/MainMenu.xib; sourceTree = "<group>"; };
		1EE580BB1A509DE9000F2F49 /* Collaborative EditorTests.xctest */ = {isa = PBXFileReference; explicitFileType = wrapper.cfbundle; includeInIndex = 0; path = "Collaborative EditorTests.xctest"; sourceTree = BUILT_PRODUCTS_DIR; };
		1EE580C01A509DE9000F2F49 /* Info.plist */ = {isa = PBXFileReference; lastKnownFileType = text.plist.xml; path = Info.plist; sourceTree = "<group>"; };
		1EE580C11A509DE9000F2F49 /* Collaborative_EditorTests.m */ = {isa = PBXFileReference; lastKnownFileType = sourcecode.c.objc; path = Collaborative_EditorTests.m; sourceTree = "<group>"; };
		1EE580CB1A509DF2000F2F49 /* CoreBluetooth.framework */ = {isa = PBXFileReference; lastKnownFileType = wrapper.framework; name = CoreBluetooth.framework; path = System/Library/Frameworks/CoreBluetooth.framework; sourceTree = SDKROOT; };
		1EE580CE1A509E14000F2F49 /* CCEEditorViewController.h */ = {isa = PBXFileReference; fileEncoding = 4; lastKnownFileType = sourcecode.c.h; name = CCEEditorViewController.h; path = Views/CCEEditorViewController.h; sourceTree = "<group>"; };
		1EE580CF1A509E14000F2F49 /* CCEEditorViewController.m */ = {isa = PBXFileReference; fileEncoding = 4; lastKnownFileType = sourcecode.c.objc; name = CCEEditorViewController.m; path = Views/CCEEditorViewController.m; sourceTree = "<group>"; };
		1EE580D01A509E14000F2F49 /* CCEEditorViewController.xib */ = {isa = PBXFileReference; fileEncoding = 4; lastKnownFileType = file.xib; name = CCEEditorViewController.xib; path = Views/CCEEditorViewController.xib; sourceTree = "<group>"; };
		1EE580D31A509FB5000F2F49 /* WebKit.framework */ = {isa = PBXFileReference; lastKnownFileType = wrapper.framework; name = WebKit.framework; path = System/Library/Frameworks/WebKit.framework; sourceTree = SDKROOT; };
		1EE580D51A50A106000F2F49 /* web */ = {isa = PBXFileReference; lastKnownFileType = folder; path = web; sourceTree = "<group>"; };
		1EE580D81A50A38F000F2F49 /* CCEWebView.h */ = {isa = PBXFileReference; fileEncoding = 4; lastKnownFileType = sourcecode.c.h; name = CCEWebView.h; path = "Views/Custom Controls/CCEWebView.h"; sourceTree = "<group>"; };
		1EE580D91A50A38F000F2F49 /* CCEWebView.m */ = {isa = PBXFileReference; fileEncoding = 4; lastKnownFileType = sourcecode.c.objc; name = CCEWebView.m; path = "Views/Custom Controls/CCEWebView.m"; sourceTree = "<group>"; };
		1EE580ED1A50A930000F2F49 /* CCEFooterBarViewController.h */ = {isa = PBXFileReference; fileEncoding = 4; lastKnownFileType = sourcecode.c.h; name = CCEFooterBarViewController.h; path = Views/CCEFooterBarViewController.h; sourceTree = "<group>"; };
		1EE580EE1A50A930000F2F49 /* CCEFooterBarViewController.m */ = {isa = PBXFileReference; fileEncoding = 4; lastKnownFileType = sourcecode.c.objc; name = CCEFooterBarViewController.m; path = Views/CCEFooterBarViewController.m; sourceTree = "<group>"; };
		1EE580EF1A50A930000F2F49 /* CCEFooterBarViewController.xib */ = {isa = PBXFileReference; fileEncoding = 4; lastKnownFileType = file.xib; name = CCEFooterBarViewController.xib; path = Views/CCEFooterBarViewController.xib; sourceTree = "<group>"; };
		1EE580FC1A518D73000F2F49 /* CCELaunchViewController.h */ = {isa = PBXFileReference; fileEncoding = 4; lastKnownFileType = sourcecode.c.h; name = CCELaunchViewController.h; path = Views/CCELaunchViewController.h; sourceTree = "<group>"; };
		1EE580FD1A518D73000F2F49 /* CCELaunchViewController.m */ = {isa = PBXFileReference; fileEncoding = 4; lastKnownFileType = sourcecode.c.objc; name = CCELaunchViewController.m; path = Views/CCELaunchViewController.m; sourceTree = "<group>"; };
		1EE580FE1A518D73000F2F49 /* CCELaunchViewController.xib */ = {isa = PBXFileReference; fileEncoding = 4; lastKnownFileType = file.xib; name = CCELaunchViewController.xib; path = Views/CCELaunchViewController.xib; sourceTree = "<group>"; };
		1EE581021A51B034000F2F49 /* CCELaunchWindow.h */ = {isa = PBXFileReference; fileEncoding = 4; lastKnownFileType = sourcecode.c.h; name = CCELaunchWindow.h; path = "Views/Custom Controls/CCELaunchWindow.h"; sourceTree = "<group>"; };
		1EE581031A51B034000F2F49 /* CCELaunchWindow.m */ = {isa = PBXFileReference; fileEncoding = 4; lastKnownFileType = sourcecode.c.objc; name = CCELaunchWindow.m; path = "Views/Custom Controls/CCELaunchWindow.m"; sourceTree = "<group>"; };
		1EE581081A51D48F000F2F49 /* CCECloseButton.h */ = {isa = PBXFileReference; fileEncoding = 4; lastKnownFileType = sourcecode.c.h; name = CCECloseButton.h; path = "Views/Custom Controls/CCECloseButton.h"; sourceTree = "<group>"; };
		1EE581091A51D48F000F2F49 /* CCECloseButton.m */ = {isa = PBXFileReference; fileEncoding = 4; lastKnownFileType = sourcecode.c.objc; name = CCECloseButton.m; path = "Views/Custom Controls/CCECloseButton.m"; sourceTree = "<group>"; };
		5AFFAF24CE7FA162EFA34B30 /* Pods-Collaborative Editor.debug.xcconfig */ = {isa = PBXFileReference; includeInIndex = 1; lastKnownFileType = text.xcconfig; name = "Pods-Collaborative Editor.debug.xcconfig"; path = "Pods/Target Support Files/Pods-Collaborative Editor/Pods-Collaborative Editor.debug.xcconfig"; sourceTree = "<group>"; };
		90CE056D6F7D2DA16E3CE996 /* Pods-Collaborative Editor.release.xcconfig */ = {isa = PBXFileReference; includeInIndex = 1; lastKnownFileType = text.xcconfig; name = "Pods-Collaborative Editor.release.xcconfig"; path = "Pods/Target Support Files/Pods-Collaborative Editor/Pods-Collaborative Editor.release.xcconfig"; sourceTree = "<group>"; };
		B17222B351C4ED971DA7DB51 /* libPods-Collaborative Editor.a */ = {isa = PBXFileReference; explicitFileType = archive.ar; includeInIndex = 0; path = "libPods-Collaborative Editor.a"; sourceTree = BUILT_PRODUCTS_DIR; };
/* End PBXFileReference section */

/* Begin PBXFrameworksBuildPhase section */
		1EE580A51A509DE9000F2F49 /* Frameworks */ = {
			isa = PBXFrameworksBuildPhase;
			buildActionMask = 2147483647;
			files = (
				1E3591121A5252F000FEE9E0 /* MultipeerConnectivity.framework in Frameworks */,
				1EE580D41A509FB5000F2F49 /* WebKit.framework in Frameworks */,
				1EE580CC1A509DF2000F2F49 /* CoreBluetooth.framework in Frameworks */,
				67EC8A89E6662B116FA137A8 /* libPods-Collaborative Editor.a in Frameworks */,
			);
			runOnlyForDeploymentPostprocessing = 0;
		};
		1EE580B81A509DE9000F2F49 /* Frameworks */ = {
			isa = PBXFrameworksBuildPhase;
			buildActionMask = 2147483647;
			files = (
			);
			runOnlyForDeploymentPostprocessing = 0;
		};
/* End PBXFrameworksBuildPhase section */

/* Begin PBXGroup section */
		052C19330DE271C01BEE9A30 /* Pods */ = {
			isa = PBXGroup;
			children = (
				5AFFAF24CE7FA162EFA34B30 /* Pods-Collaborative Editor.debug.xcconfig */,
				90CE056D6F7D2DA16E3CE996 /* Pods-Collaborative Editor.release.xcconfig */,
			);
			name = Pods;
			sourceTree = "<group>";
		};
		1E07885F1AB4EF4700B86B69 /* Protocol Buffer Classes */ = {
			isa = PBXGroup;
			children = (
				1E0788631AB4F12A00B86B69 /* TransmissionMessage.pb.h */,
				1E0788641AB4F12A00B86B69 /* TransmissionMessage.pb.m */,
			);
			name = "Protocol Buffer Classes";
			sourceTree = "<group>";
		};
		1E12284A1A5A396700A569D8 /* Document Model */ = {
			isa = PBXGroup;
			children = (
				1E12284B1A5A398300A569D8 /* CCEDocumentModel.h */,
				1E12284C1A5A398300A569D8 /* CCEDocumentModel.m */,
			);
			name = "Document Model";
			sourceTree = "<group>";
		};
		1E35910A1A5251A500FEE9E0 /* Multipeer */ = {
			isa = PBXGroup;
			children = (
				1E07885F1AB4EF4700B86B69 /* Protocol Buffer Classes */,
				1E3731271A57630F009B0685 /* Data Models */,
				1E35910B1A5251D400FEE9E0 /* CCEServiceDefinitions.h */,
				1E3591171A52540A00FEE9E0 /* CCETransmissionService.h */,
				1E3591181A52540A00FEE9E0 /* CCETransmissionService.m */,
				1E35910E1A5252E600FEE9E0 /* CCEMasterServer.h */,
				1E35910F1A5252E600FEE9E0 /* CCEMasterServer.m */,
				1E3591371A5394DB00FEE9E0 /* CCESlaveClient.h */,
				1E3591381A5394DB00FEE9E0 /* CCESlaveClient.m */,
			);
			name = Multipeer;
			sourceTree = "<group>";
		};
		1E3591161A5253CF00FEE9E0 /* Utilities */ = {
			isa = PBXGroup;
			children = (
				1E35912B1A5325D500FEE9E0 /* WebViewJavascriptBridge */,
				1E35911D1A525D6D00FEE9E0 /* NSString+Random.h */,
				1E35911E1A525D6D00FEE9E0 /* NSString+Random.m */,
			);
			name = Utilities;
			sourceTree = "<group>";
		};
		1E3591201A525E9200FEE9E0 /* Modal Views */ = {
			isa = PBXGroup;
			children = (
				1E3591261A525FB200FEE9E0 /* CCEServerConfigModal.h */,
				1E3591271A525FB200FEE9E0 /* CCEServerConfigModal.m */,
				1E3591281A525FB200FEE9E0 /* CCEServerConfigModal.xib */,
				1E3591321A534BC600FEE9E0 /* CCEServerDetailModal.h */,
				1E3591331A534BC600FEE9E0 /* CCEServerDetailModal.m */,
				1E3591341A534BC600FEE9E0 /* CCEServerDetailModal.xib */,
				1E3731221A575BD7009B0685 /* CCEJoinSessionModal.h */,
				1E3731231A575BD7009B0685 /* CCEJoinSessionModal.m */,
				1E3731241A575BD7009B0685 /* CCEJoinSessionModal.xib */,
			);
			name = "Modal Views";
			sourceTree = "<group>";
		};
		1E35912B1A5325D500FEE9E0 /* WebViewJavascriptBridge */ = {
			isa = PBXGroup;
			children = (
				1E35912C1A5325D500FEE9E0 /* WebViewJavascriptBridge.h */,
				1E35912D1A5325D500FEE9E0 /* WebViewJavascriptBridge.js.txt */,
				1E35912E1A5325D500FEE9E0 /* WebViewJavascriptBridge.m */,
			);
			name = WebViewJavascriptBridge;
			path = Utilities/WebViewJavascriptBridge;
			sourceTree = "<group>";
		};
		1E3731271A57630F009B0685 /* Data Models */ = {
			isa = PBXGroup;
			children = (
				1E12284A1A5A396700A569D8 /* Document Model */,
				1E37312B1A576344009B0685 /* CCEUserModel.h */,
				1E37312C1A576344009B0685 /* CCEUserModel.m */,
			);
			name = "Data Models";
			sourceTree = "<group>";
		};
		1EE5809F1A509DE9000F2F49 = {
			isa = PBXGroup;
			children = (
				1EE580AA1A509DE9000F2F49 /* Collaborative Editor */,
				1EE580BE1A509DE9000F2F49 /* Collaborative EditorTests */,
				1EE580A91A509DE9000F2F49 /* Products */,
				052C19330DE271C01BEE9A30 /* Pods */,
				A6345C8AF4B4533EEB84C208 /* Frameworks */,
			);
			sourceTree = "<group>";
		};
		1EE580A91A509DE9000F2F49 /* Products */ = {
			isa = PBXGroup;
			children = (
				1EE580A81A509DE9000F2F49 /* Collaborative Editor.app */,
				1EE580BB1A509DE9000F2F49 /* Collaborative EditorTests.xctest */,
			);
			name = Products;
			sourceTree = "<group>";
		};
		1EE580AA1A509DE9000F2F49 /* Collaborative Editor */ = {
			isa = PBXGroup;
			children = (
				1EE580AD1A509DE9000F2F49 /* AppDelegate.h */,
				1EE580AE1A509DE9000F2F49 /* AppDelegate.m */,
				1EE580B41A509DE9000F2F49 /* MainMenu.xib */,
				1E35910A1A5251A500FEE9E0 /* Multipeer */,
				1EE580CD1A509DFB000F2F49 /* Views */,
				1E3591161A5253CF00FEE9E0 /* Utilities */,
				1EE580D51A50A106000F2F49 /* web */,
				1EE580B21A509DE9000F2F49 /* Images.xcassets */,
				1E3591111A5252F000FEE9E0 /* MultipeerConnectivity.framework */,
				1EE580D31A509FB5000F2F49 /* WebKit.framework */,
				1EE580CB1A509DF2000F2F49 /* CoreBluetooth.framework */,
				1EE580AB1A509DE9000F2F49 /* Supporting Files */,
			);
			path = "Collaborative Editor";
			sourceTree = "<group>";
		};
		1EE580AB1A509DE9000F2F49 /* Supporting Files */ = {
			isa = PBXGroup;
			children = (
				1EE580AC1A509DE9000F2F49 /* Info.plist */,
				1EE580B01A509DE9000F2F49 /* main.m */,
			);
			name = "Supporting Files";
			sourceTree = "<group>";
		};
		1EE580BE1A509DE9000F2F49 /* Collaborative EditorTests */ = {
			isa = PBXGroup;
			children = (
				1EE580C11A509DE9000F2F49 /* Collaborative_EditorTests.m */,
				1EE580BF1A509DE9000F2F49 /* Supporting Files */,
			);
			path = "Collaborative EditorTests";
			sourceTree = "<group>";
		};
		1EE580BF1A509DE9000F2F49 /* Supporting Files */ = {
			isa = PBXGroup;
			children = (
				1EE580C01A509DE9000F2F49 /* Info.plist */,
			);
			name = "Supporting Files";
			sourceTree = "<group>";
		};
		1EE580CD1A509DFB000F2F49 /* Views */ = {
			isa = PBXGroup;
			children = (
				1EE580D71A50A371000F2F49 /* Custom Controls */,
				1E3591201A525E9200FEE9E0 /* Modal Views */,
				1EE580CE1A509E14000F2F49 /* CCEEditorViewController.h */,
				1EE580CF1A509E14000F2F49 /* CCEEditorViewController.m */,
				1EE580D01A509E14000F2F49 /* CCEEditorViewController.xib */,
				1EE580ED1A50A930000F2F49 /* CCEFooterBarViewController.h */,
				1EE580EE1A50A930000F2F49 /* CCEFooterBarViewController.m */,
				1EE580EF1A50A930000F2F49 /* CCEFooterBarViewController.xib */,
				1EB845C41AB12E4A00B2ADE6 /* CCEUserListViewController.h */,
				1EB845C51AB12E4A00B2ADE6 /* CCEUserListViewController.m */,
				1EB845C61AB12E4A00B2ADE6 /* CCEUserListViewController.xib */,
				1EE580FC1A518D73000F2F49 /* CCELaunchViewController.h */,
				1EE580FD1A518D73000F2F49 /* CCELaunchViewController.m */,
				1EE580FE1A518D73000F2F49 /* CCELaunchViewController.xib */,
			);
			name = Views;
			sourceTree = "<group>";
		};
		1EE580D71A50A371000F2F49 /* Custom Controls */ = {
			isa = PBXGroup;
			children = (
				1EE580D81A50A38F000F2F49 /* CCEWebView.h */,
				1EE580D91A50A38F000F2F49 /* CCEWebView.m */,
				1EE581021A51B034000F2F49 /* CCELaunchWindow.h */,
				1EE581031A51B034000F2F49 /* CCELaunchWindow.m */,
				1EE581081A51D48F000F2F49 /* CCECloseButton.h */,
				1EE581091A51D48F000F2F49 /* CCECloseButton.m */,
			);
			name = "Custom Controls";
			sourceTree = "<group>";
		};
		A6345C8AF4B4533EEB84C208 /* Frameworks */ = {
			isa = PBXGroup;
			children = (
				B17222B351C4ED971DA7DB51 /* libPods-Collaborative Editor.a */,
			);
			name = Frameworks;
			sourceTree = "<group>";
		};
/* End PBXGroup section */

/* Begin PBXNativeTarget section */
		1EE580A71A509DE9000F2F49 /* Collaborative Editor */ = {
			isa = PBXNativeTarget;
			buildConfigurationList = 1EE580C51A509DE9000F2F49 /* Build configuration list for PBXNativeTarget "Collaborative Editor" */;
			buildPhases = (
				CE1EFEE52F9724529957B7A0 /* Check Pods Manifest.lock */,
				1EE580A41A509DE9000F2F49 /* Sources */,
				1EE580A51A509DE9000F2F49 /* Frameworks */,
				1EE580A61A509DE9000F2F49 /* Resources */,
				A3A261F203A4DF8399A49CD3 /* Copy Pods Resources */,
			);
			buildRules = (
			);
			dependencies = (
			);
			name = "Collaborative Editor";
			productName = "Collaborative Editor";
			productReference = 1EE580A81A509DE9000F2F49 /* Collaborative Editor.app */;
			productType = "com.apple.product-type.application";
		};
		1EE580BA1A509DE9000F2F49 /* Collaborative EditorTests */ = {
			isa = PBXNativeTarget;
			buildConfigurationList = 1EE580C81A509DE9000F2F49 /* Build configuration list for PBXNativeTarget "Collaborative EditorTests" */;
			buildPhases = (
				1EE580B71A509DE9000F2F49 /* Sources */,
				1EE580B81A509DE9000F2F49 /* Frameworks */,
				1EE580B91A509DE9000F2F49 /* Resources */,
			);
			buildRules = (
			);
			dependencies = (
				1EE580BD1A509DE9000F2F49 /* PBXTargetDependency */,
			);
			name = "Collaborative EditorTests";
			productName = "Collaborative EditorTests";
			productReference = 1EE580BB1A509DE9000F2F49 /* Collaborative EditorTests.xctest */;
			productType = "com.apple.product-type.bundle.unit-test";
		};
/* End PBXNativeTarget section */

/* Begin PBXProject section */
		1EE580A01A509DE9000F2F49 /* Project object */ = {
			isa = PBXProject;
			attributes = {
				CLASSPREFIX = CCE;
				LastUpgradeCheck = 0610;
				ORGANIZATIONNAME = "Kevin Li";
				TargetAttributes = {
					1EE580A71A509DE9000F2F49 = {
						CreatedOnToolsVersion = 6.1.1;
					};
					1EE580BA1A509DE9000F2F49 = {
						CreatedOnToolsVersion = 6.1.1;
						TestTargetID = 1EE580A71A509DE9000F2F49;
					};
				};
			};
			buildConfigurationList = 1EE580A31A509DE9000F2F49 /* Build configuration list for PBXProject "Collaborative Editor" */;
			compatibilityVersion = "Xcode 3.2";
			developmentRegion = English;
			hasScannedForEncodings = 0;
			knownRegions = (
				en,
				Base,
			);
			mainGroup = 1EE5809F1A509DE9000F2F49;
			productRefGroup = 1EE580A91A509DE9000F2F49 /* Products */;
			projectDirPath = "";
			projectRoot = "";
			targets = (
				1EE580A71A509DE9000F2F49 /* Collaborative Editor */,
				1EE580BA1A509DE9000F2F49 /* Collaborative EditorTests */,
			);
		};
/* End PBXProject section */

/* Begin PBXResourcesBuildPhase section */
		1EE580A61A509DE9000F2F49 /* Resources */ = {
			isa = PBXResourcesBuildPhase;
			buildActionMask = 2147483647;
			files = (
				1E3591361A534BC600FEE9E0 /* CCEServerDetailModal.xib in Resources */,
				1EE580D21A509E14000F2F49 /* CCEEditorViewController.xib in Resources */,
				1EB845C81AB12E4A00B2ADE6 /* CCEUserListViewController.xib in Resources */,
				1EE581001A518D73000F2F49 /* CCELaunchViewController.xib in Resources */,
				1EE580D61A50A106000F2F49 /* web in Resources */,
				1EE580F11A50A930000F2F49 /* CCEFooterBarViewController.xib in Resources */,
				1E35912F1A5325D500FEE9E0 /* WebViewJavascriptBridge.js.txt in Resources */,
				1E3731261A575BD7009B0685 /* CCEJoinSessionModal.xib in Resources */,
				1EE580B31A509DE9000F2F49 /* Images.xcassets in Resources */,
				1E35912A1A525FB200FEE9E0 /* CCEServerConfigModal.xib in Resources */,
				1EE580B61A509DE9000F2F49 /* MainMenu.xib in Resources */,
			);
			runOnlyForDeploymentPostprocessing = 0;
		};
		1EE580B91A509DE9000F2F49 /* Resources */ = {
			isa = PBXResourcesBuildPhase;
			buildActionMask = 2147483647;
			files = (
			);
			runOnlyForDeploymentPostprocessing = 0;
		};
/* End PBXResourcesBuildPhase section */

/* Begin PBXShellScriptBuildPhase section */
		A3A261F203A4DF8399A49CD3 /* Copy Pods Resources */ = {
			isa = PBXShellScriptBuildPhase;
			buildActionMask = 2147483647;
			files = (
			);
			inputPaths = (
			);
			name = "Copy Pods Resources";
			outputPaths = (
			);
			runOnlyForDeploymentPostprocessing = 0;
			shellPath = /bin/sh;
			shellScript = "\"${SRCROOT}/Pods/Target Support Files/Pods-Collaborative Editor/Pods-Collaborative Editor-resources.sh\"\n";
			showEnvVarsInLog = 0;
		};
		CE1EFEE52F9724529957B7A0 /* Check Pods Manifest.lock */ = {
			isa = PBXShellScriptBuildPhase;
			buildActionMask = 2147483647;
			files = (
			);
			inputPaths = (
			);
			name = "Check Pods Manifest.lock";
			outputPaths = (
			);
			runOnlyForDeploymentPostprocessing = 0;
			shellPath = /bin/sh;
			shellScript = "diff \"${PODS_ROOT}/../Podfile.lock\" \"${PODS_ROOT}/Manifest.lock\" > /dev/null\nif [[ $? != 0 ]] ; then\n    cat << EOM\nerror: The sandbox is not in sync with the Podfile.lock. Run 'pod install' or update your CocoaPods installation.\nEOM\n    exit 1\nfi\n";
			showEnvVarsInLog = 0;
		};
/* End PBXShellScriptBuildPhase section */

/* Begin PBXSourcesBuildPhase section */
		1EE580A41A509DE9000F2F49 /* Sources */ = {
			isa = PBXSourcesBuildPhase;
			buildActionMask = 2147483647;
			files = (
				1E3591291A525FB200FEE9E0 /* CCEServerConfigModal.m in Sources */,
				1E3591101A5252E600FEE9E0 /* CCEMasterServer.m in Sources */,
				1E3591191A52540A00FEE9E0 /* CCETransmissionService.m in Sources */,
				1EE5810A1A51D48F000F2F49 /* CCECloseButton.m in Sources */,
				1EE581041A51B034000F2F49 /* CCELaunchWindow.m in Sources */,
				1EE580B11A509DE9000F2F49 /* main.m in Sources */,
				1E0788651AB4F12A00B86B69 /* TransmissionMessage.pb.m in Sources */,
				1E37312D1A576344009B0685 /* CCEUserModel.m in Sources */,
				1E35911F1A525D6D00FEE9E0 /* NSString+Random.m in Sources */,
				1E3591351A534BC600FEE9E0 /* CCEServerDetailModal.m in Sources */,
				1EB845C71AB12E4A00B2ADE6 /* CCEUserListViewController.m in Sources */,
				1EE580D11A509E14000F2F49 /* CCEEditorViewController.m in Sources */,
				1E12284D1A5A398300A569D8 /* CCEDocumentModel.m in Sources */,
				1EE580F01A50A930000F2F49 /* CCEFooterBarViewController.m in Sources */,
				1E3591301A5325D500FEE9E0 /* WebViewJavascriptBridge.m in Sources */,
				1EE580AF1A509DE9000F2F49 /* AppDelegate.m in Sources */,
				1E3731251A575BD7009B0685 /* CCEJoinSessionModal.m in Sources */,
				1EE580DA1A50A38F000F2F49 /* CCEWebView.m in Sources */,
				1EE580FF1A518D73000F2F49 /* CCELaunchViewController.m in Sources */,
				1E3591391A5394DB00FEE9E0 /* CCESlaveClient.m in Sources */,
			);
			runOnlyForDeploymentPostprocessing = 0;
		};
		1EE580B71A509DE9000F2F49 /* Sources */ = {
			isa = PBXSourcesBuildPhase;
			buildActionMask = 2147483647;
			files = (
				1EE580C21A509DE9000F2F49 /* Collaborative_EditorTests.m in Sources */,
			);
			runOnlyForDeploymentPostprocessing = 0;
		};
/* End PBXSourcesBuildPhase section */

/* Begin PBXTargetDependency section */
		1EE580BD1A509DE9000F2F49 /* PBXTargetDependency */ = {
			isa = PBXTargetDependency;
			target = 1EE580A71A509DE9000F2F49 /* Collaborative Editor */;
			targetProxy = 1EE580BC1A509DE9000F2F49 /* PBXContainerItemProxy */;
		};
/* End PBXTargetDependency section */

/* Begin PBXVariantGroup section */
		1EE580B41A509DE9000F2F49 /* MainMenu.xib */ = {
			isa = PBXVariantGroup;
			children = (
				1EE580B51A509DE9000F2F49 /* Base */,
			);
			name = MainMenu.xib;
			sourceTree = "<group>";
		};
/* End PBXVariantGroup section */

/* Begin XCBuildConfiguration section */
		1EE580C31A509DE9000F2F49 /* Debug */ = {
			isa = XCBuildConfiguration;
			buildSettings = {
				ALWAYS_SEARCH_USER_PATHS = NO;
				CLANG_CXX_LANGUAGE_STANDARD = "gnu++0x";
				CLANG_CXX_LIBRARY = "libc++";
				CLANG_ENABLE_MODULES = YES;
				CLANG_ENABLE_OBJC_ARC = YES;
				CLANG_WARN_BOOL_CONVERSION = YES;
				CLANG_WARN_CONSTANT_CONVERSION = YES;
				CLANG_WARN_DIRECT_OBJC_ISA_USAGE = YES_ERROR;
				CLANG_WARN_EMPTY_BODY = YES;
				CLANG_WARN_ENUM_CONVERSION = YES;
				CLANG_WARN_INT_CONVERSION = YES;
				CLANG_WARN_OBJC_ROOT_CLASS = YES_ERROR;
				CLANG_WARN_UNREACHABLE_CODE = YES;
				CLANG_WARN__DUPLICATE_METHOD_MATCH = YES;
				CODE_SIGN_IDENTITY = "-";
				COPY_PHASE_STRIP = NO;
				ENABLE_STRICT_OBJC_MSGSEND = YES;
				GCC_C_LANGUAGE_STANDARD = gnu99;
				GCC_DYNAMIC_NO_PIC = NO;
				GCC_OPTIMIZATION_LEVEL = 0;
				GCC_PREPROCESSOR_DEFINITIONS = (
					"DEBUG=1",
					"$(inherited)",
				);
				GCC_SYMBOLS_PRIVATE_EXTERN = NO;
				GCC_WARN_64_TO_32_BIT_CONVERSION = YES;
				GCC_WARN_ABOUT_RETURN_TYPE = YES_ERROR;
				GCC_WARN_UNDECLARED_SELECTOR = YES;
				GCC_WARN_UNINITIALIZED_AUTOS = YES_AGGRESSIVE;
				GCC_WARN_UNUSED_FUNCTION = YES;
				GCC_WARN_UNUSED_VARIABLE = YES;
				MACOSX_DEPLOYMENT_TARGET = 10.10;
				MTL_ENABLE_DEBUG_INFO = YES;
				ONLY_ACTIVE_ARCH = YES;
				SDKROOT = macosx;
			};
			name = Debug;
		};
		1EE580C41A509DE9000F2F49 /* Release */ = {
			isa = XCBuildConfiguration;
			buildSettings = {
				ALWAYS_SEARCH_USER_PATHS = NO;
				CLANG_CXX_LANGUAGE_STANDARD = "gnu++0x";
				CLANG_CXX_LIBRARY = "libc++";
				CLANG_ENABLE_MODULES = YES;
				CLANG_ENABLE_OBJC_ARC = YES;
				CLANG_WARN_BOOL_CONVERSION = YES;
				CLANG_WARN_CONSTANT_CONVERSION = YES;
				CLANG_WARN_DIRECT_OBJC_ISA_USAGE = YES_ERROR;
				CLANG_WARN_EMPTY_BODY = YES;
				CLANG_WARN_ENUM_CONVERSION = YES;
				CLANG_WARN_INT_CONVERSION = YES;
				CLANG_WARN_OBJC_ROOT_CLASS = YES_ERROR;
				CLANG_WARN_UNREACHABLE_CODE = YES;
				CLANG_WARN__DUPLICATE_METHOD_MATCH = YES;
				CODE_SIGN_IDENTITY = "-";
				COPY_PHASE_STRIP = YES;
				DEBUG_INFORMATION_FORMAT = "dwarf-with-dsym";
				ENABLE_NS_ASSERTIONS = NO;
				ENABLE_STRICT_OBJC_MSGSEND = YES;
				GCC_C_LANGUAGE_STANDARD = gnu99;
				GCC_WARN_64_TO_32_BIT_CONVERSION = YES;
				GCC_WARN_ABOUT_RETURN_TYPE = YES_ERROR;
				GCC_WARN_UNDECLARED_SELECTOR = YES;
				GCC_WARN_UNINITIALIZED_AUTOS = YES_AGGRESSIVE;
				GCC_WARN_UNUSED_FUNCTION = YES;
				GCC_WARN_UNUSED_VARIABLE = YES;
				MACOSX_DEPLOYMENT_TARGET = 10.10;
				MTL_ENABLE_DEBUG_INFO = NO;
				SDKROOT = macosx;
			};
			name = Release;
		};
		1EE580C61A509DE9000F2F49 /* Debug */ = {
			isa = XCBuildConfiguration;
			baseConfigurationReference = 5AFFAF24CE7FA162EFA34B30 /* Pods-Collaborative Editor.debug.xcconfig */;
			buildSettings = {
				ASSETCATALOG_COMPILER_APPICON_NAME = AppIcon;
				COMBINE_HIDPI_IMAGES = YES;
				INFOPLIST_FILE = "Collaborative Editor/Info.plist";
				LD_RUNPATH_SEARCH_PATHS = "$(inherited) @executable_path/../Frameworks";
				PRODUCT_NAME = "$(TARGET_NAME)";
			};
			name = Debug;
		};
		1EE580C71A509DE9000F2F49 /* Release */ = {
			isa = XCBuildConfiguration;
			baseConfigurationReference = 90CE056D6F7D2DA16E3CE996 /* Pods-Collaborative Editor.release.xcconfig */;
			buildSettings = {
				ASSETCATALOG_COMPILER_APPICON_NAME = AppIcon;
				COMBINE_HIDPI_IMAGES = YES;
				INFOPLIST_FILE = "Collaborative Editor/Info.plist";
				LD_RUNPATH_SEARCH_PATHS = "$(inherited) @executable_path/../Frameworks";
				PRODUCT_NAME = "$(TARGET_NAME)";
			};
			name = Release;
		};
		1EE580C91A509DE9000F2F49 /* Debug */ = {
			isa = XCBuildConfiguration;
			buildSettings = {
				BUNDLE_LOADER = "$(TEST_HOST)";
				COMBINE_HIDPI_IMAGES = YES;
				FRAMEWORK_SEARCH_PATHS = (
					"$(DEVELOPER_FRAMEWORKS_DIR)",
					"$(inherited)",
				);
				GCC_PREPROCESSOR_DEFINITIONS = (
					"DEBUG=1",
					"$(inherited)",
				);
				INFOPLIST_FILE = "Collaborative EditorTests/Info.plist";
				LD_RUNPATH_SEARCH_PATHS = "$(inherited) @executable_path/../Frameworks @loader_path/../Frameworks";
				PRODUCT_NAME = "$(TARGET_NAME)";
				TEST_HOST = "$(BUILT_PRODUCTS_DIR)/Collaborative Editor.app/Contents/MacOS/Collaborative Editor";
			};
			name = Debug;
		};
		1EE580CA1A509DE9000F2F49 /* Release */ = {
			isa = XCBuildConfiguration;
			buildSettings = {
				BUNDLE_LOADER = "$(TEST_HOST)";
				COMBINE_HIDPI_IMAGES = YES;
				FRAMEWORK_SEARCH_PATHS = (
					"$(DEVELOPER_FRAMEWORKS_DIR)",
					"$(inherited)",
				);
				INFOPLIST_FILE = "Collaborative EditorTests/Info.plist";
				LD_RUNPATH_SEARCH_PATHS = "$(inherited) @executable_path/../Frameworks @loader_path/../Frameworks";
				PRODUCT_NAME = "$(TARGET_NAME)";
				TEST_HOST = "$(BUILT_PRODUCTS_DIR)/Collaborative Editor.app/Contents/MacOS/Collaborative Editor";
			};
			name = Release;
		};
/* End XCBuildConfiguration section */

/* Begin XCConfigurationList section */
		1EE580A31A509DE9000F2F49 /* Build configuration list for PBXProject "Collaborative Editor" */ = {
			isa = XCConfigurationList;
			buildConfigurations = (
				1EE580C31A509DE9000F2F49 /* Debug */,
				1EE580C41A509DE9000F2F49 /* Release */,
			);
			defaultConfigurationIsVisible = 0;
			defaultConfigurationName = Release;
		};
		1EE580C51A509DE9000F2F49 /* Build configuration list for PBXNativeTarget "Collaborative Editor" */ = {
			isa = XCConfigurationList;
			buildConfigurations = (
				1EE580C61A509DE9000F2F49 /* Debug */,
				1EE580C71A509DE9000F2F49 /* Release */,
			);
			defaultConfigurationIsVisible = 0;
			defaultConfigurationName = Release;
		};
		1EE580C81A509DE9000F2F49 /* Build configuration list for PBXNativeTarget "Collaborative EditorTests" */ = {
			isa = XCConfigurationList;
			buildConfigurations = (
				1EE580C91A509DE9000F2F49 /* Debug */,
				1EE580CA1A509DE9000F2F49 /* Release */,
			);
			defaultConfigurationIsVisible = 0;
			defaultConfigurationName = Release;
		};
/* End XCConfigurationList section */
	};
	rootObject = 1EE580A01A509DE9000F2F49 /* Project object */;
}
